
Microsoft Visual Studio Solution File, Format Version 12.00
# Visual Studio Version 17
VisualStudioVersion = 17.7.34009.444
MinimumVisualStudioVersion = 10.0.40219.1
Project("{9A19103F-16F7-4668-BE54-9A1E7A4F7556}") = "FP.Patterns.Template.Exercice0", "FP.Patterns.Template.Exercice0.csproj", "{FC22176A-7B29-409E-9B73-6A1D67CBBF3D}"
EndProject
Project("{9A19103F-16F7-4668-BE54-9A1E7A4F7556}") = "FP.Patterns.Template.Exercice1", "..\FP.Patterns.Template.Exercice1\FP.Patterns.Template.Exercice1.csproj", "{E7B253A6-898F-4A1D-99FD-36FF3F51BB53}"
EndProject
Project("{9A19103F-16F7-4668-BE54-9A1E7A4F7556}") = "FP.Patterns.Template.Exercice2", "..\FP.Patterns.Template.Exercice2\FP.Patterns.Template.Exercice2.csproj", "{90D07084-C86D-4DE3-89BB-C7DE9D21B1B0}"
EndProject
Project("{9A19103F-16F7-4668-BE54-9A1E7A4F7556}") = "FP.Patterns.Template.Exercice3", "..\FP.Patterns.Template.Exercice3\FP.Patterns.Template.Exercice3.csproj", "{E990155E-5C7A-4313-BA7E-2E99915708E2}"
EndProject
Project("{FAE04EC0-301F-11D3-BF4B-00C04F79EFBC}") = "FP.Patterns.Template.Exercice4", "..\FP.Patterns.Template.Exercice4\FP.Patterns.Template.Exercice4.csproj", "{46F2AEB4-4824-423C-8151-0A3F44B45ECF}"
EndProject
Global
	GlobalSection(SolutionConfigurationPlatforms) = preSolution
		Debug|Any CPU = Debug|Any CPU
		Release|Any CPU = Release|Any CPU
	EndGlobalSection
	GlobalSection(ProjectConfigurationPlatforms) = postSolution
		{FC22176A-7B29-409E-9B73-6A1D67CBBF3D}.Debug|Any CPU.ActiveCfg = Debug|Any CPU
		{FC22176A-7B29-409E-9B73-6A1D67CBBF3D}.Debug|Any CPU.Build.0 = Debug|Any CPU
		{FC22176A-7B29-409E-9B73-6A1D67CBBF3D}.Release|Any CPU.ActiveCfg = Release|Any CPU
		{FC22176A-7B29-409E-9B73-6A1D67CBBF3D}.Release|Any CPU.Build.0 = Release|Any CPU
		{E7B253A6-898F-4A1D-99FD-36FF3F51BB53}.Debug|Any CPU.ActiveCfg = Debug|Any CPU
		{E7B253A6-898F-4A1D-99FD-36FF3F51BB53}.Debug|Any CPU.Build.0 = Debug|Any CPU
		{E7B253A6-898F-4A1D-99FD-36FF3F51BB53}.Release|Any CPU.ActiveCfg = Release|Any CPU
		{E7B253A6-898F-4A1D-99FD-36FF3F51BB53}.Release|Any CPU.Build.0 = Release|Any CPU
		{90D07084-C86D-4DE3-89BB-C7DE9D21B1B0}.Debug|Any CPU.ActiveCfg = Debug|Any CPU
		{90D07084-C86D-4DE3-89BB-C7DE9D21B1B0}.Debug|Any CPU.Build.0 = Debug|Any CPU
		{90D07084-C86D-4DE3-89BB-C7DE9D21B1B0}.Release|Any CPU.ActiveCfg = Release|Any CPU
		{90D07084-C86D-4DE3-89BB-C7DE9D21B1B0}.Release|Any CPU.Build.0 = Release|Any CPU
		{E990155E-5C7A-4313-BA7E-2E99915708E2}.Debug|Any CPU.ActiveCfg = Debug|Any CPU
		{E990155E-5C7A-4313-BA7E-2E99915708E2}.Debug|Any CPU.Build.0 = Debug|Any CPU
		{E990155E-5C7A-4313-BA7E-2E99915708E2}.Release|Any CPU.ActiveCfg = Release|Any CPU
		{E990155E-5C7A-4313-BA7E-2E99915708E2}.Release|Any CPU.Build.0 = Release|Any CPU
		{46F2AEB4-4824-423C-8151-0A3F44B45ECF}.Debug|Any CPU.ActiveCfg = Debug|Any CPU
		{46F2AEB4-4824-423C-8151-0A3F44B45ECF}.Debug|Any CPU.Build.0 = Debug|Any CPU
		{46F2AEB4-4824-423C-8151-0A3F44B45ECF}.Release|Any CPU.ActiveCfg = Release|Any CPU
		{46F2AEB4-4824-423C-8151-0A3F44B45ECF}.Release|Any CPU.Build.0 = Release|Any CPU
	EndGlobalSection
	GlobalSection(SolutionProperties) = preSolution
		HideSolutionNode = FALSE
	EndGlobalSection
	GlobalSection(ExtensibilityGlobals) = postSolution
		SolutionGuid = {B2DF2D47-115B-4FDB-BEF2-19B2A80B3ACF}
	EndGlobalSection
EndGlobal
